// !$*UTF8*$!
{
	archiveVersion = 1;
	classes = {
	};
	objectVersion = 48;
	objects = {

/* Begin PBXBuildFile section */
		0D94964D209860C0005FBD53 /* AppDelegate.m in Sources */ = {isa = PBXBuildFile; fileRef = 0D94964C209860C0005FBD53 /* AppDelegate.m */; };
		0D949653209860C0005FBD53 /* Main.storyboard in Resources */ = {isa = PBXBuildFile; fileRef = 0D949651209860C0005FBD53 /* Main.storyboard */; };
		0D949655209860C0005FBD53 /* Assets.xcassets in Resources */ = {isa = PBXBuildFile; fileRef = 0D949654209860C0005FBD53 /* Assets.xcassets */; };
		0D949658209860C0005FBD53 /* LaunchScreen.storyboard in Resources */ = {isa = PBXBuildFile; fileRef = 0D949656209860C0005FBD53 /* LaunchScreen.storyboard */; };
		0D94965B209860C0005FBD53 /* main.m in Sources */ = {isa = PBXBuildFile; fileRef = 0D94965A209860C0005FBD53 /* main.m */; };
		0D94967420986996005FBD53 /* CoreMedia.framework in Frameworks */ = {isa = PBXBuildFile; fileRef = 0D94967320986996005FBD53 /* CoreMedia.framework */; };
		0D949676209869AD005FBD53 /* AVFoundation.framework in Frameworks */ = {isa = PBXBuildFile; fileRef = 0D949675209869AD005FBD53 /* AVFoundation.framework */; };
		0D949678209869C1005FBD53 /* libz.tbd in Frameworks */ = {isa = PBXBuildFile; fileRef = 0D949677209869C1005FBD53 /* libz.tbd */; };
		0D94967A209869DF005FBD53 /* libresolv.tbd in Frameworks */ = {isa = PBXBuildFile; fileRef = 0D949679209869DF005FBD53 /* libresolv.tbd */; };
		0D94968020986A20005FBD53 /* AudioToolbox.framework in Frameworks */ = {isa = PBXBuildFile; fileRef = 0D94967F20986A20005FBD53 /* AudioToolbox.framework */; };
		0D94968220986A34005FBD53 /* VideoToolbox.framework in Frameworks */ = {isa = PBXBuildFile; fileRef = 0D94968120986A34005FBD53 /* VideoToolbox.framework */; };
		2D9FA6A324FCEA5E00D0FDA7 /* OpenGLES.framework in Frameworks */ = {isa = PBXBuildFile; fileRef = 2D9FA6A224FCEA5E00D0FDA7 /* OpenGLES.framework */; };
		2DA7D87D254263F60085AC91 /* NSString+SHA256.m in Sources */ = {isa = PBXBuildFile; fileRef = 2DA7D87C254263F60085AC91 /* NSString+SHA256.m */; };
		2DC5118F2A68E2FE006B9536 /* beauty_filter.json in Resources */ = {isa = PBXBuildFile; fileRef = 2DC5116C2A68E2FE006B9536 /* beauty_filter.json */; };
		2DC511902A68E2FE006B9536 /* beauty_shape.json in Resources */ = {isa = PBXBuildFile; fileRef = 2DC5116D2A68E2FE006B9536 /* beauty_shape.json */; };
		2DC511912A68E2FE006B9536 /* beauty_skin.json in Resources */ = {isa = PBXBuildFile; fileRef = 2DC5116E2A68E2FE006B9536 /* beauty_skin.json */; };
		2DC511922A68E2FE006B9536 /* FaceUnity.strings in Resources */ = {isa = PBXBuildFile; fileRef = 2DC5116F2A68E2FE006B9536 /* FaceUnity.strings */; };
		2DC511932A68E2FE006B9536 /* oumei.bundle in Resources */ = {isa = PBXBuildFile; fileRef = 2DC511722A68E2FE006B9536 /* oumei.bundle */; };
		2DC511942A68E2FE006B9536 /* rose.bundle in Resources */ = {isa = PBXBuildFile; fileRef = 2DC511732A68E2FE006B9536 /* rose.bundle */; };
		2DC511952A68E2FE006B9536 /* linjia.bundle in Resources */ = {isa = PBXBuildFile; fileRef = 2DC511742A68E2FE006B9536 /* linjia.bundle */; };
		2DC511962A68E2FE006B9536 /* yanshimao.bundle in Resources */ = {isa = PBXBuildFile; fileRef = 2DC511752A68E2FE006B9536 /* yanshimao.bundle */; };
		2DC511972A68E2FE006B9536 /* tianmei.bundle in Resources */ = {isa = PBXBuildFile; fileRef = 2DC511762A68E2FE006B9536 /* tianmei.bundle */; };
		2DC511982A68E2FE006B9536 /* ziyun.bundle in Resources */ = {isa = PBXBuildFile; fileRef = 2DC511772A68E2FE006B9536 /* ziyun.bundle */; };
		2DC511992A68E2FE006B9536 /* chaomo.bundle in Resources */ = {isa = PBXBuildFile; fileRef = 2DC511782A68E2FE006B9536 /* chaomo.bundle */; };
		2DC5119A2A68E2FE006B9536 /* hongfeng.bundle in Resources */ = {isa = PBXBuildFile; fileRef = 2DC511792A68E2FE006B9536 /* hongfeng.bundle */; };
		2DC5119B2A68E2FE006B9536 /* jianling.bundle in Resources */ = {isa = PBXBuildFile; fileRef = 2DC5117A2A68E2FE006B9536 /* jianling.bundle */; };
		2DC5119C2A68E2FE006B9536 /* gangfeng.bundle in Resources */ = {isa = PBXBuildFile; fileRef = 2DC5117B2A68E2FE006B9536 /* gangfeng.bundle */; };
		2DC5119D2A68E2FE006B9536 /* combination_makeups.json in Resources */ = {isa = PBXBuildFile; fileRef = 2DC5117C2A68E2FE006B9536 /* combination_makeups.json */; };
		2DC5119E2A68E2FE006B9536 /* chuju.bundle in Resources */ = {isa = PBXBuildFile; fileRef = 2DC5117D2A68E2FE006B9536 /* chuju.bundle */; };
		2DC5119F2A68E2FE006B9536 /* renyu.bundle in Resources */ = {isa = PBXBuildFile; fileRef = 2DC5117E2A68E2FE006B9536 /* renyu.bundle */; };
		2DC511A02A68E2FE006B9536 /* qianzhihe.bundle in Resources */ = {isa = PBXBuildFile; fileRef = 2DC5117F2A68E2FE006B9536 /* qianzhihe.bundle */; };
		2DC511A12A68E2FE006B9536 /* wumei.bundle in Resources */ = {isa = PBXBuildFile; fileRef = 2DC511802A68E2FE006B9536 /* wumei.bundle */; };
		2DC511A22A68E2FE006B9536 /* shaonv.bundle in Resources */ = {isa = PBXBuildFile; fileRef = 2DC511812A68E2FE006B9536 /* shaonv.bundle */; };
		2DC511A32A68E2FE006B9536 /* chuqiu.bundle in Resources */ = {isa = PBXBuildFile; fileRef = 2DC511822A68E2FE006B9536 /* chuqiu.bundle */; };
		2DC511A42A68E2FE006B9536 /* nuandong.bundle in Resources */ = {isa = PBXBuildFile; fileRef = 2DC511832A68E2FE006B9536 /* nuandong.bundle */; };
		2DC511A52A68E2FE006B9536 /* xinggan.bundle in Resources */ = {isa = PBXBuildFile; fileRef = 2DC511842A68E2FE006B9536 /* xinggan.bundle */; };
		2DC511A62A68E2FE006B9536 /* FaceUnity.xcassets in Resources */ = {isa = PBXBuildFile; fileRef = 2DC511862A68E2FE006B9536 /* FaceUnity.xcassets */; };
		2DC511A72A68E2FE006B9536 /* body.json in Resources */ = {isa = PBXBuildFile; fileRef = 2DC511882A68E2FE006B9536 /* body.json */; };
		2DC511A82A68E2FE006B9536 /* fashi.bundle in Resources */ = {isa = PBXBuildFile; fileRef = 2DC5118A2A68E2FE006B9536 /* fashi.bundle */; };
		2DC511A92A68E2FE006B9536 /* CatSparks.bundle in Resources */ = {isa = PBXBuildFile; fileRef = 2DC5118B2A68E2FE006B9536 /* CatSparks.bundle */; };
		2DC511AA2A68E2FE006B9536 /* stickers.json in Resources */ = {isa = PBXBuildFile; fileRef = 2DC5118C2A68E2FE006B9536 /* stickers.json */; };
		2DC511AB2A68E2FE006B9536 /* sdlu.bundle in Resources */ = {isa = PBXBuildFile; fileRef = 2DC5118D2A68E2FE006B9536 /* sdlu.bundle */; };
		2DC511AC2A68E2FE006B9536 /* sdlr.bundle in Resources */ = {isa = PBXBuildFile; fileRef = 2DC5118E2A68E2FE006B9536 /* sdlr.bundle */; };
		2DC511AD2A68E3BA006B9536 /* AliRTCSdk.framework in Frameworks */ = {isa = PBXBuildFile; fileRef = 2DC511682A68E2E6006B9536 /* AliRTCSdk.framework */; };
		2DC511AE2A68E3BA006B9536 /* AliRTCSdk.framework in Embed Frameworks */ = {isa = PBXBuildFile; fileRef = 2DC511682A68E2E6006B9536 /* AliRTCSdk.framework */; settings = {ATTRIBUTES = (CodeSignOnCopy, RemoveHeadersOnCopy, ); }; };
		2DCDEE7529B088880014B419 /* FUBeautyFilterViewModel.m in Sources */ = {isa = PBXBuildFile; fileRef = 2DCDEE1129B088880014B419 /* FUBeautyFilterViewModel.m */; };
		2DCDEE7629B088880014B419 /* FUBeautySkinViewModel.m in Sources */ = {isa = PBXBuildFile; fileRef = 2DCDEE1229B088880014B419 /* FUBeautySkinViewModel.m */; };
		2DCDEE7729B088880014B419 /* FUBeautyShapeViewModel.m in Sources */ = {isa = PBXBuildFile; fileRef = 2DCDEE1429B088880014B419 /* FUBeautyShapeViewModel.m */; };
		2DCDEE7829B088880014B419 /* FUStickerViewModel.m in Sources */ = {isa = PBXBuildFile; fileRef = 2DCDEE1929B088880014B419 /* FUStickerViewModel.m */; };
		2DCDEE7929B088880014B419 /* FUBodyViewModel.m in Sources */ = {isa = PBXBuildFile; fileRef = 2DCDEE1B29B088880014B419 /* FUBodyViewModel.m */; };
		2DCDEE7A29B088880014B419 /* FUMakeupViewModel.m in Sources */ = {isa = PBXBuildFile; fileRef = 2DCDEE1C29B088880014B419 /* FUMakeupViewModel.m */; };
		2DCDEE7B29B088880014B419 /* FUDemoManager.m in Sources */ = {isa = PBXBuildFile; fileRef = 2DCDEE1F29B088880014B419 /* FUDemoManager.m */; };
		2DCDEE7C29B088880014B419 /* FUTestRecorder.m in Sources */ = {isa = PBXBuildFile; fileRef = 2DCDEE2029B088880014B419 /* FUTestRecorder.m */; };
		2DCDEE7D29B088880014B419 /* FUBeautyShapeModel.m in Sources */ = {isa = PBXBuildFile; fileRef = 2DCDEE2229B088880014B419 /* FUBeautyShapeModel.m */; };
		2DCDEE7E29B088880014B419 /* FUBeautyFilterModel.m in Sources */ = {isa = PBXBuildFile; fileRef = 2DCDEE2329B088880014B419 /* FUBeautyFilterModel.m */; };
		2DCDEE7F29B088880014B419 /* FUBodyModel.m in Sources */ = {isa = PBXBuildFile; fileRef = 2DCDEE2429B088880014B419 /* FUBodyModel.m */; };
		2DCDEE8029B088880014B419 /* FUBeautySkinModel.m in Sources */ = {isa = PBXBuildFile; fileRef = 2DCDEE2529B088880014B419 /* FUBeautySkinModel.m */; };
		2DCDEE8129B088880014B419 /* FUStickerModel.m in Sources */ = {isa = PBXBuildFile; fileRef = 2DCDEE2C29B088880014B419 /* FUStickerModel.m */; };
		2DCDEE8229B088880014B419 /* FUMakeupModel.m in Sources */ = {isa = PBXBuildFile; fileRef = 2DCDEE2D29B088880014B419 /* FUMakeupModel.m */; };
		2DCDEE8329B088880014B419 /* FUStickerView.m in Sources */ = {isa = PBXBuildFile; fileRef = 2DCDEE3129B088880014B419 /* FUStickerView.m */; };
		2DCDEE8429B088880014B419 /* FUAlertManager.m in Sources */ = {isa = PBXBuildFile; fileRef = 2DCDEE3529B088880014B419 /* FUAlertManager.m */; };
		2DCDEE8529B088880014B419 /* FUAlertController.m in Sources */ = {isa = PBXBuildFile; fileRef = 2DCDEE3629B088880014B419 /* FUAlertController.m */; };
		2DCDEE8629B088880014B419 /* FUBeautySkinView.m in Sources */ = {isa = PBXBuildFile; fileRef = 2DCDEE3929B088880014B419 /* FUBeautySkinView.m */; };
		2DCDEE8729B088880014B419 /* FUSlider.m in Sources */ = {isa = PBXBuildFile; fileRef = 2DCDEE3B29B088880014B419 /* FUSlider.m */; };
		2DCDEE8829B088880014B419 /* FUInsetsLabel.m in Sources */ = {isa = PBXBuildFile; fileRef = 2DCDEE3E29B088880014B419 /* FUInsetsLabel.m */; };
		2DCDEE8929B088880014B419 /* FUBeautyFilterView.m in Sources */ = {isa = PBXBuildFile; fileRef = 2DCDEE4029B088880014B419 /* FUBeautyFilterView.m */; };
		2DCDEE8A29B088880014B419 /* FUMakeupView.m in Sources */ = {isa = PBXBuildFile; fileRef = 2DCDEE4229B088880014B419 /* FUMakeupView.m */; };
		2DCDEE8B29B088880014B419 /* FUBeautyShapeView.m in Sources */ = {isa = PBXBuildFile; fileRef = 2DCDEE4329B088880014B419 /* FUBeautyShapeView.m */; };
		2DCDEE8C29B088880014B419 /* FUTipHUD.m in Sources */ = {isa = PBXBuildFile; fileRef = 2DCDEE4629B088880014B419 /* FUTipHUD.m */; };
		2DCDEE8D29B088880014B419 /* FUBodyView.m in Sources */ = {isa = PBXBuildFile; fileRef = 2DCDEE4729B088880014B419 /* FUBodyView.m */; };
		2DCDEE8E29B088880014B419 /* FUSegmentBar.m in Sources */ = {isa = PBXBuildFile; fileRef = 2DCDEE4A29B088880014B419 /* FUSegmentBar.m */; };
		2DCDEE8F29B088880014B419 /* FUSquareButton.m in Sources */ = {isa = PBXBuildFile; fileRef = 2DCDEE4D29B088880014B419 /* FUSquareButton.m */; };
		2DF48BE825145D9800575424 /* CoreML.framework in Frameworks */ = {isa = PBXBuildFile; fileRef = 2D9FA6A424FCEA6F00D0FDA7 /* CoreML.framework */; settings = {ATTRIBUTES = (Weak, ); }; };
		64138825222A440900A176A7 /* RTCSampleChatViewController.m in Sources */ = {isa = PBXBuildFile; fileRef = 6413881E222A440800A176A7 /* RTCSampleChatViewController.m */; };
		64138826222A440900A176A7 /* UIViewController+RTCSampleAlert.m in Sources */ = {isa = PBXBuildFile; fileRef = 64138821222A440900A176A7 /* UIViewController+RTCSampleAlert.m */; };
		64138827222A440900A176A7 /* RTCSampleChannelViewController.m in Sources */ = {isa = PBXBuildFile; fileRef = 64138822222A440900A176A7 /* RTCSampleChannelViewController.m */; };
		64138828222A440900A176A7 /* RTCSampleUserAuthrization.m in Sources */ = {isa = PBXBuildFile; fileRef = 64138823222A440900A176A7 /* RTCSampleUserAuthrization.m */; };
		6489C62F225B34A1009BC6B7 /* RTCSampleRemoteUserManager.m in Sources */ = {isa = PBXBuildFile; fileRef = 6489C62E225B34A1009BC6B7 /* RTCSampleRemoteUserManager.m */; };
		64C4172B225F325000F68B3F /* RTCSampleRemoteUserModel.m in Sources */ = {isa = PBXBuildFile; fileRef = 64C4172A225F325000F68B3F /* RTCSampleRemoteUserModel.m */; };
		6C7997FA2201D3CD004FE646 /* libc++.tbd in Frameworks */ = {isa = PBXBuildFile; fileRef = 6C7997F92201D3CD004FE646 /* libc++.tbd */; };
		6E47FD2220E341CC0048A0DA /* AliBaseHttpClient.m in Sources */ = {isa = PBXBuildFile; fileRef = 6E47FD2020E341CC0048A0DA /* AliBaseHttpClient.m */; };
		6E47FD2320E341CC0048A0DA /* AliRequestList.m in Sources */ = {isa = PBXBuildFile; fileRef = 6E47FD2120E341CC0048A0DA /* AliRequestList.m */; };
		E3800FBC9BB63A818BD62714 /* libPods-RtcSample.a in Frameworks */ = {isa = PBXBuildFile; fileRef = 21F9CD815CEF1DC82A1FC310 /* libPods-RtcSample.a */; };
		E3C0F8E522E861F10043209C /* Accelerate.framework in Frameworks */ = {isa = PBXBuildFile; fileRef = E3C0F8E422E861F10043209C /* Accelerate.framework */; };
		E3C0F8E722E861FA0043209C /* CoreMotion.framework in Frameworks */ = {isa = PBXBuildFile; fileRef = E3C0F8E622E861FA0043209C /* CoreMotion.framework */; };
/* End PBXBuildFile section */

/* Begin PBXCopyFilesBuildPhase section */
		6C7998022201D3DC004FE646 /* Embed Frameworks */ = {
			isa = PBXCopyFilesBuildPhase;
			buildActionMask = 2147483647;
			dstPath = "";
			dstSubfolderSpec = 10;
			files = (
				2DC511AE2A68E3BA006B9536 /* AliRTCSdk.framework in Embed Frameworks */,
			);
			name = "Embed Frameworks";
			runOnlyForDeploymentPostprocessing = 0;
		};
/* End PBXCopyFilesBuildPhase section */

/* Begin PBXFileReference section */
		0D949648209860C0005FBD53 /* RtcSample.app */ = {isa = PBXFileReference; explicitFileType = wrapper.application; includeInIndex = 0; path = RtcSample.app; sourceTree = BUILT_PRODUCTS_DIR; };
		0D94964B209860C0005FBD53 /* AppDelegate.h */ = {isa = PBXFileReference; lastKnownFileType = sourcecode.c.h; path = AppDelegate.h; sourceTree = "<group>"; };
		0D94964C209860C0005FBD53 /* AppDelegate.m */ = {isa = PBXFileReference; lastKnownFileType = sourcecode.c.objc; path = AppDelegate.m; sourceTree = "<group>"; };
		0D949652209860C0005FBD53 /* Base */ = {isa = PBXFileReference; lastKnownFileType = file.storyboard; name = Base; path = Base.lproj/Main.storyboard; sourceTree = "<group>"; };
		0D949654209860C0005FBD53 /* Assets.xcassets */ = {isa = PBXFileReference; lastKnownFileType = folder.assetcatalog; path = Assets.xcassets; sourceTree = "<group>"; };
		0D949657209860C0005FBD53 /* Base */ = {isa = PBXFileReference; lastKnownFileType = file.storyboard; name = Base; path = Base.lproj/LaunchScreen.storyboard; sourceTree = "<group>"; };
		0D949659209860C0005FBD53 /* Info.plist */ = {isa = PBXFileReference; lastKnownFileType = text.plist.xml; path = Info.plist; sourceTree = "<group>"; };
		0D94965A209860C0005FBD53 /* main.m */ = {isa = PBXFileReference; lastKnownFileType = sourcecode.c.objc; path = main.m; sourceTree = "<group>"; };
		0D94967320986996005FBD53 /* CoreMedia.framework */ = {isa = PBXFileReference; lastKnownFileType = wrapper.framework; name = CoreMedia.framework; path = System/Library/Frameworks/CoreMedia.framework; sourceTree = SDKROOT; };
		0D949675209869AD005FBD53 /* AVFoundation.framework */ = {isa = PBXFileReference; lastKnownFileType = wrapper.framework; name = AVFoundation.framework; path = System/Library/Frameworks/AVFoundation.framework; sourceTree = SDKROOT; };
		0D949677209869C1005FBD53 /* libz.tbd */ = {isa = PBXFileReference; lastKnownFileType = "sourcecode.text-based-dylib-definition"; name = libz.tbd; path = usr/lib/libz.tbd; sourceTree = SDKROOT; };
		0D949679209869DF005FBD53 /* libresolv.tbd */ = {isa = PBXFileReference; lastKnownFileType = "sourcecode.text-based-dylib-definition"; name = libresolv.tbd; path = usr/lib/libresolv.tbd; sourceTree = SDKROOT; };
		0D94967B209869F9005FBD53 /* AudioUnit.framework */ = {isa = PBXFileReference; lastKnownFileType = wrapper.framework; name = AudioUnit.framework; path = System/Library/Frameworks/AudioUnit.framework; sourceTree = SDKROOT; };
		0D94967D20986A11005FBD53 /* CoreAudio.framework */ = {isa = PBXFileReference; lastKnownFileType = wrapper.framework; name = CoreAudio.framework; path = System/Library/Frameworks/CoreAudio.framework; sourceTree = SDKROOT; };
		0D94967F20986A20005FBD53 /* AudioToolbox.framework */ = {isa = PBXFileReference; lastKnownFileType = wrapper.framework; name = AudioToolbox.framework; path = System/Library/Frameworks/AudioToolbox.framework; sourceTree = SDKROOT; };
		0D94968120986A34005FBD53 /* VideoToolbox.framework */ = {isa = PBXFileReference; lastKnownFileType = wrapper.framework; name = VideoToolbox.framework; path = System/Library/Frameworks/VideoToolbox.framework; sourceTree = SDKROOT; };
		21F9CD815CEF1DC82A1FC310 /* libPods-RtcSample.a */ = {isa = PBXFileReference; explicitFileType = archive.ar; includeInIndex = 0; path = "libPods-RtcSample.a"; sourceTree = BUILT_PRODUCTS_DIR; };
		2D0A9A16288FE4A100D4D658 /* authpack.h */ = {isa = PBXFileReference; fileEncoding = 4; lastKnownFileType = sourcecode.c.h; path = authpack.h; sourceTree = "<group>"; };
		2D9FA6A224FCEA5E00D0FDA7 /* OpenGLES.framework */ = {isa = PBXFileReference; lastKnownFileType = wrapper.framework; name = OpenGLES.framework; path = System/Library/Frameworks/OpenGLES.framework; sourceTree = SDKROOT; };
		2D9FA6A424FCEA6F00D0FDA7 /* CoreML.framework */ = {isa = PBXFileReference; lastKnownFileType = wrapper.framework; name = CoreML.framework; path = System/Library/Frameworks/CoreML.framework; sourceTree = SDKROOT; };
		2DA7D87B254263F60085AC91 /* NSString+SHA256.h */ = {isa = PBXFileReference; lastKnownFileType = sourcecode.c.h; path = "NSString+SHA256.h"; sourceTree = "<group>"; };
		2DA7D87C254263F60085AC91 /* NSString+SHA256.m */ = {isa = PBXFileReference; lastKnownFileType = sourcecode.c.objc; path = "NSString+SHA256.m"; sourceTree = "<group>"; };
		2DC511682A68E2E6006B9536 /* AliRTCSdk.framework */ = {isa = PBXFileReference; lastKnownFileType = wrapper.framework; path = AliRTCSdk.framework; sourceTree = "<group>"; };
		2DC5116C2A68E2FE006B9536 /* beauty_filter.json */ = {isa = PBXFileReference; fileEncoding = 4; lastKnownFileType = text.json; path = beauty_filter.json; sourceTree = "<group>"; };
		2DC5116D2A68E2FE006B9536 /* beauty_shape.json */ = {isa = PBXFileReference; fileEncoding = 4; lastKnownFileType = text.json; path = beauty_shape.json; sourceTree = "<group>"; };
		2DC5116E2A68E2FE006B9536 /* beauty_skin.json */ = {isa = PBXFileReference; fileEncoding = 4; lastKnownFileType = text.json; path = beauty_skin.json; sourceTree = "<group>"; };
		2DC511702A68E2FE006B9536 /* zh-Hans */ = {isa = PBXFileReference; lastKnownFileType = text.plist.strings; name = "zh-Hans"; path = "zh-Hans.lproj/FaceUnity.strings"; sourceTree = "<group>"; };
		2DC511722A68E2FE006B9536 /* oumei.bundle */ = {isa = PBXFileReference; lastKnownFileType = file; path = oumei.bundle; sourceTree = "<group>"; };
		2DC511732A68E2FE006B9536 /* rose.bundle */ = {isa = PBXFileReference; lastKnownFileType = file; path = rose.bundle; sourceTree = "<group>"; };
		2DC511742A68E2FE006B9536 /* linjia.bundle */ = {isa = PBXFileReference; lastKnownFileType = file; path = linjia.bundle; sourceTree = "<group>"; };
		2DC511752A68E2FE006B9536 /* yanshimao.bundle */ = {isa = PBXFileReference; lastKnownFileType = file; path = yanshimao.bundle; sourceTree = "<group>"; };
		2DC511762A68E2FE006B9536 /* tianmei.bundle */ = {isa = PBXFileReference; lastKnownFileType = file; path = tianmei.bundle; sourceTree = "<group>"; };
		2DC511772A68E2FE006B9536 /* ziyun.bundle */ = {isa = PBXFileReference; lastKnownFileType = file; path = ziyun.bundle; sourceTree = "<group>"; };
		2DC511782A68E2FE006B9536 /* chaomo.bundle */ = {isa = PBXFileReference; lastKnownFileType = file; path = chaomo.bundle; sourceTree = "<group>"; };
		2DC511792A68E2FE006B9536 /* hongfeng.bundle */ = {isa = PBXFileReference; lastKnownFileType = file; path = hongfeng.bundle; sourceTree = "<group>"; };
		2DC5117A2A68E2FE006B9536 /* jianling.bundle */ = {isa = PBXFileReference; lastKnownFileType = file; path = jianling.bundle; sourceTree = "<group>"; };
		2DC5117B2A68E2FE006B9536 /* gangfeng.bundle */ = {isa = PBXFileReference; lastKnownFileType = file; path = gangfeng.bundle; sourceTree = "<group>"; };
		2DC5117C2A68E2FE006B9536 /* combination_makeups.json */ = {isa = PBXFileReference; fileEncoding = 4; lastKnownFileType = text.json; path = combination_makeups.json; sourceTree = "<group>"; };
		2DC5117D2A68E2FE006B9536 /* chuju.bundle */ = {isa = PBXFileReference; lastKnownFileType = file; path = chuju.bundle; sourceTree = "<group>"; };
		2DC5117E2A68E2FE006B9536 /* renyu.bundle */ = {isa = PBXFileReference; lastKnownFileType = file; path = renyu.bundle; sourceTree = "<group>"; };
		2DC5117F2A68E2FE006B9536 /* qianzhihe.bundle */ = {isa = PBXFileReference; lastKnownFileType = file; path = qianzhihe.bundle; sourceTree = "<group>"; };
		2DC511802A68E2FE006B9536 /* wumei.bundle */ = {isa = PBXFileReference; lastKnownFileType = file; path = wumei.bundle; sourceTree = "<group>"; };
		2DC511812A68E2FE006B9536 /* shaonv.bundle */ = {isa = PBXFileReference; lastKnownFileType = file; path = shaonv.bundle; sourceTree = "<group>"; };
		2DC511822A68E2FE006B9536 /* chuqiu.bundle */ = {isa = PBXFileReference; lastKnownFileType = file; path = chuqiu.bundle; sourceTree = "<group>"; };
		2DC511832A68E2FE006B9536 /* nuandong.bundle */ = {isa = PBXFileReference; lastKnownFileType = file; path = nuandong.bundle; sourceTree = "<group>"; };
		2DC511842A68E2FE006B9536 /* xinggan.bundle */ = {isa = PBXFileReference; lastKnownFileType = file; path = xinggan.bundle; sourceTree = "<group>"; };
		2DC511852A68E2FE006B9536 /* en */ = {isa = PBXFileReference; lastKnownFileType = text.plist.strings; name = en; path = en.lproj/FaceUnity.strings; sourceTree = "<group>"; };
		2DC511862A68E2FE006B9536 /* FaceUnity.xcassets */ = {isa = PBXFileReference; lastKnownFileType = folder.assetcatalog; path = FaceUnity.xcassets; sourceTree = "<group>"; };
		2DC511882A68E2FE006B9536 /* body.json */ = {isa = PBXFileReference; fileEncoding = 4; lastKnownFileType = text.json; path = body.json; sourceTree = "<group>"; };
		2DC5118A2A68E2FE006B9536 /* fashi.bundle */ = {isa = PBXFileReference; lastKnownFileType = file; path = fashi.bundle; sourceTree = "<group>"; };
		2DC5118B2A68E2FE006B9536 /* CatSparks.bundle */ = {isa = PBXFileReference; lastKnownFileType = file; path = CatSparks.bundle; sourceTree = "<group>"; };
		2DC5118C2A68E2FE006B9536 /* stickers.json */ = {isa = PBXFileReference; fileEncoding = 4; lastKnownFileType = text.json; path = stickers.json; sourceTree = "<group>"; };
		2DC5118D2A68E2FE006B9536 /* sdlu.bundle */ = {isa = PBXFileReference; lastKnownFileType = file; path = sdlu.bundle; sourceTree = "<group>"; };
		2DC5118E2A68E2FE006B9536 /* sdlr.bundle */ = {isa = PBXFileReference; lastKnownFileType = file; path = sdlr.bundle; sourceTree = "<group>"; };
		2DCDEE1129B088880014B419 /* FUBeautyFilterViewModel.m */ = {isa = PBXFileReference; fileEncoding = 4; lastKnownFileType = sourcecode.c.objc; path = FUBeautyFilterViewModel.m; sourceTree = "<group>"; };
		2DCDEE1229B088880014B419 /* FUBeautySkinViewModel.m */ = {isa = PBXFileReference; fileEncoding = 4; lastKnownFileType = sourcecode.c.objc; path = FUBeautySkinViewModel.m; sourceTree = "<group>"; };
		2DCDEE1329B088880014B419 /* FUBodyViewModel.h */ = {isa = PBXFileReference; fileEncoding = 4; lastKnownFileType = sourcecode.c.h; path = FUBodyViewModel.h; sourceTree = "<group>"; };
		2DCDEE1429B088880014B419 /* FUBeautyShapeViewModel.m */ = {isa = PBXFileReference; fileEncoding = 4; lastKnownFileType = sourcecode.c.objc; path = FUBeautyShapeViewModel.m; sourceTree = "<group>"; };
		2DCDEE1529B088880014B419 /* FUStickerViewModel.h */ = {isa = PBXFileReference; fileEncoding = 4; lastKnownFileType = sourcecode.c.h; path = FUStickerViewModel.h; sourceTree = "<group>"; };
		2DCDEE1629B088880014B419 /* FUMakeupViewModel.h */ = {isa = PBXFileReference; fileEncoding = 4; lastKnownFileType = sourcecode.c.h; path = FUMakeupViewModel.h; sourceTree = "<group>"; };
		2DCDEE1729B088880014B419 /* FUBeautyFilterViewModel.h */ = {isa = PBXFileReference; fileEncoding = 4; lastKnownFileType = sourcecode.c.h; path = FUBeautyFilterViewModel.h; sourceTree = "<group>"; };
		2DCDEE1829B088880014B419 /* FUBeautySkinViewModel.h */ = {isa = PBXFileReference; fileEncoding = 4; lastKnownFileType = sourcecode.c.h; path = FUBeautySkinViewModel.h; sourceTree = "<group>"; };
		2DCDEE1929B088880014B419 /* FUStickerViewModel.m */ = {isa = PBXFileReference; fileEncoding = 4; lastKnownFileType = sourcecode.c.objc; path = FUStickerViewModel.m; sourceTree = "<group>"; };
		2DCDEE1A29B088880014B419 /* FUBeautyShapeViewModel.h */ = {isa = PBXFileReference; fileEncoding = 4; lastKnownFileType = sourcecode.c.h; path = FUBeautyShapeViewModel.h; sourceTree = "<group>"; };
		2DCDEE1B29B088880014B419 /* FUBodyViewModel.m */ = {isa = PBXFileReference; fileEncoding = 4; lastKnownFileType = sourcecode.c.objc; path = FUBodyViewModel.m; sourceTree = "<group>"; };
		2DCDEE1C29B088880014B419 /* FUMakeupViewModel.m */ = {isa = PBXFileReference; fileEncoding = 4; lastKnownFileType = sourcecode.c.objc; path = FUMakeupViewModel.m; sourceTree = "<group>"; };
		2DCDEE1D29B088880014B419 /* FUTestRecorder.h */ = {isa = PBXFileReference; fileEncoding = 4; lastKnownFileType = sourcecode.c.h; path = FUTestRecorder.h; sourceTree = "<group>"; };
		2DCDEE1E29B088880014B419 /* FUDefines.h */ = {isa = PBXFileReference; fileEncoding = 4; lastKnownFileType = sourcecode.c.h; path = FUDefines.h; sourceTree = "<group>"; };
		2DCDEE1F29B088880014B419 /* FUDemoManager.m */ = {isa = PBXFileReference; fileEncoding = 4; lastKnownFileType = sourcecode.c.objc; path = FUDemoManager.m; sourceTree = "<group>"; };
		2DCDEE2029B088880014B419 /* FUTestRecorder.m */ = {isa = PBXFileReference; fileEncoding = 4; lastKnownFileType = sourcecode.c.objc; path = FUTestRecorder.m; sourceTree = "<group>"; };
		2DCDEE2229B088880014B419 /* FUBeautyShapeModel.m */ = {isa = PBXFileReference; fileEncoding = 4; lastKnownFileType = sourcecode.c.objc; path = FUBeautyShapeModel.m; sourceTree = "<group>"; };
		2DCDEE2329B088880014B419 /* FUBeautyFilterModel.m */ = {isa = PBXFileReference; fileEncoding = 4; lastKnownFileType = sourcecode.c.objc; path = FUBeautyFilterModel.m; sourceTree = "<group>"; };
		2DCDEE2429B088880014B419 /* FUBodyModel.m */ = {isa = PBXFileReference; fileEncoding = 4; lastKnownFileType = sourcecode.c.objc; path = FUBodyModel.m; sourceTree = "<group>"; };
		2DCDEE2529B088880014B419 /* FUBeautySkinModel.m */ = {isa = PBXFileReference; fileEncoding = 4; lastKnownFileType = sourcecode.c.objc; path = FUBeautySkinModel.m; sourceTree = "<group>"; };
		2DCDEE2629B088880014B419 /* FUMakeupModel.h */ = {isa = PBXFileReference; fileEncoding = 4; lastKnownFileType = sourcecode.c.h; path = FUMakeupModel.h; sourceTree = "<group>"; };
		2DCDEE2729B088880014B419 /* FUStickerModel.h */ = {isa = PBXFileReference; fileEncoding = 4; lastKnownFileType = sourcecode.c.h; path = FUStickerModel.h; sourceTree = "<group>"; };
		2DCDEE2829B088880014B419 /* FUBeautyShapeModel.h */ = {isa = PBXFileReference; fileEncoding = 4; lastKnownFileType = sourcecode.c.h; path = FUBeautyShapeModel.h; sourceTree = "<group>"; };
		2DCDEE2929B088880014B419 /* FUBodyModel.h */ = {isa = PBXFileReference; fileEncoding = 4; lastKnownFileType = sourcecode.c.h; path = FUBodyModel.h; sourceTree = "<group>"; };
		2DCDEE2A29B088880014B419 /* FUBeautyFilterModel.h */ = {isa = PBXFileReference; fileEncoding = 4; lastKnownFileType = sourcecode.c.h; path = FUBeautyFilterModel.h; sourceTree = "<group>"; };
		2DCDEE2B29B088880014B419 /* FUBeautySkinModel.h */ = {isa = PBXFileReference; fileEncoding = 4; lastKnownFileType = sourcecode.c.h; path = FUBeautySkinModel.h; sourceTree = "<group>"; };
		2DCDEE2C29B088880014B419 /* FUStickerModel.m */ = {isa = PBXFileReference; fileEncoding = 4; lastKnownFileType = sourcecode.c.objc; path = FUStickerModel.m; sourceTree = "<group>"; };
		2DCDEE2D29B088880014B419 /* FUMakeupModel.m */ = {isa = PBXFileReference; fileEncoding = 4; lastKnownFileType = sourcecode.c.objc; path = FUMakeupModel.m; sourceTree = "<group>"; };
		2DCDEE2F29B088880014B419 /* FUBeautyFilterView.h */ = {isa = PBXFileReference; fileEncoding = 4; lastKnownFileType = sourcecode.c.h; path = FUBeautyFilterView.h; sourceTree = "<group>"; };
		2DCDEE3029B088880014B419 /* FUMakeupView.h */ = {isa = PBXFileReference; fileEncoding = 4; lastKnownFileType = sourcecode.c.h; path = FUMakeupView.h; sourceTree = "<group>"; };
		2DCDEE3129B088880014B419 /* FUStickerView.m */ = {isa = PBXFileReference; fileEncoding = 4; lastKnownFileType = sourcecode.c.objc; path = FUStickerView.m; sourceTree = "<group>"; };
		2DCDEE3329B088880014B419 /* FUAlertManager.h */ = {isa = PBXFileReference; fileEncoding = 4; lastKnownFileType = sourcecode.c.h; path = FUAlertManager.h; sourceTree = "<group>"; };
		2DCDEE3429B088880014B419 /* FUAlertController.h */ = {isa = PBXFileReference; fileEncoding = 4; lastKnownFileType = sourcecode.c.h; path = FUAlertController.h; sourceTree = "<group>"; };
		2DCDEE3529B088880014B419 /* FUAlertManager.m */ = {isa = PBXFileReference; fileEncoding = 4; lastKnownFileType = sourcecode.c.objc; path = FUAlertManager.m; sourceTree = "<group>"; };
		2DCDEE3629B088880014B419 /* FUAlertController.m */ = {isa = PBXFileReference; fileEncoding = 4; lastKnownFileType = sourcecode.c.objc; path = FUAlertController.m; sourceTree = "<group>"; };
		2DCDEE3729B088880014B419 /* FUBodyView.h */ = {isa = PBXFileReference; fileEncoding = 4; lastKnownFileType = sourcecode.c.h; path = FUBodyView.h; sourceTree = "<group>"; };
		2DCDEE3829B088880014B419 /* FUBeautyShapeView.h */ = {isa = PBXFileReference; fileEncoding = 4; lastKnownFileType = sourcecode.c.h; path = FUBeautyShapeView.h; sourceTree = "<group>"; };
		2DCDEE3929B088880014B419 /* FUBeautySkinView.m */ = {isa = PBXFileReference; fileEncoding = 4; lastKnownFileType = sourcecode.c.objc; path = FUBeautySkinView.m; sourceTree = "<group>"; };
		2DCDEE3B29B088880014B419 /* FUSlider.m */ = {isa = PBXFileReference; fileEncoding = 4; lastKnownFileType = sourcecode.c.objc; path = FUSlider.m; sourceTree = "<group>"; };
		2DCDEE3C29B088880014B419 /* FUSlider.h */ = {isa = PBXFileReference; fileEncoding = 4; lastKnownFileType = sourcecode.c.h; path = FUSlider.h; sourceTree = "<group>"; };
		2DCDEE3E29B088880014B419 /* FUInsetsLabel.m */ = {isa = PBXFileReference; fileEncoding = 4; lastKnownFileType = sourcecode.c.objc; path = FUInsetsLabel.m; sourceTree = "<group>"; };
		2DCDEE3F29B088880014B419 /* FUInsetsLabel.h */ = {isa = PBXFileReference; fileEncoding = 4; lastKnownFileType = sourcecode.c.h; path = FUInsetsLabel.h; sourceTree = "<group>"; };
		2DCDEE4029B088880014B419 /* FUBeautyFilterView.m */ = {isa = PBXFileReference; fileEncoding = 4; lastKnownFileType = sourcecode.c.objc; path = FUBeautyFilterView.m; sourceTree = "<group>"; };
		2DCDEE4129B088880014B419 /* FUStickerView.h */ = {isa = PBXFileReference; fileEncoding = 4; lastKnownFileType = sourcecode.c.h; path = FUStickerView.h; sourceTree = "<group>"; };
		2DCDEE4229B088880014B419 /* FUMakeupView.m */ = {isa = PBXFileReference; fileEncoding = 4; lastKnownFileType = sourcecode.c.objc; path = FUMakeupView.m; sourceTree = "<group>"; };
		2DCDEE4329B088880014B419 /* FUBeautyShapeView.m */ = {isa = PBXFileReference; fileEncoding = 4; lastKnownFileType = sourcecode.c.objc; path = FUBeautyShapeView.m; sourceTree = "<group>"; };
		2DCDEE4529B088880014B419 /* FUTipHUD.h */ = {isa = PBXFileReference; fileEncoding = 4; lastKnownFileType = sourcecode.c.h; path = FUTipHUD.h; sourceTree = "<group>"; };
		2DCDEE4629B088880014B419 /* FUTipHUD.m */ = {isa = PBXFileReference; fileEncoding = 4; lastKnownFileType = sourcecode.c.objc; path = FUTipHUD.m; sourceTree = "<group>"; };
		2DCDEE4729B088880014B419 /* FUBodyView.m */ = {isa = PBXFileReference; fileEncoding = 4; lastKnownFileType = sourcecode.c.objc; path = FUBodyView.m; sourceTree = "<group>"; };
		2DCDEE4929B088880014B419 /* FUSegmentBar.h */ = {isa = PBXFileReference; fileEncoding = 4; lastKnownFileType = sourcecode.c.h; path = FUSegmentBar.h; sourceTree = "<group>"; };
		2DCDEE4A29B088880014B419 /* FUSegmentBar.m */ = {isa = PBXFileReference; fileEncoding = 4; lastKnownFileType = sourcecode.c.objc; path = FUSegmentBar.m; sourceTree = "<group>"; };
		2DCDEE4B29B088880014B419 /* FUBeautySkinView.h */ = {isa = PBXFileReference; fileEncoding = 4; lastKnownFileType = sourcecode.c.h; path = FUBeautySkinView.h; sourceTree = "<group>"; };
		2DCDEE4D29B088880014B419 /* FUSquareButton.m */ = {isa = PBXFileReference; fileEncoding = 4; lastKnownFileType = sourcecode.c.objc; path = FUSquareButton.m; sourceTree = "<group>"; };
		2DCDEE4E29B088880014B419 /* FUSquareButton.h */ = {isa = PBXFileReference; fileEncoding = 4; lastKnownFileType = sourcecode.c.h; path = FUSquareButton.h; sourceTree = "<group>"; };
		2DCDEE4F29B088880014B419 /* FUDemoManager.h */ = {isa = PBXFileReference; fileEncoding = 4; lastKnownFileType = sourcecode.c.h; path = FUDemoManager.h; sourceTree = "<group>"; };
		44F7C183515E41D8C3F5F931 /* Pods-RtcSample.debug.xcconfig */ = {isa = PBXFileReference; includeInIndex = 1; lastKnownFileType = text.xcconfig; name = "Pods-RtcSample.debug.xcconfig"; path = "Target Support Files/Pods-RtcSample/Pods-RtcSample.debug.xcconfig"; sourceTree = "<group>"; };
		6413881D222A440800A176A7 /* RTCSampleChannelViewController.h */ = {isa = PBXFileReference; fileEncoding = 4; lastKnownFileType = sourcecode.c.h; path = RTCSampleChannelViewController.h; sourceTree = "<group>"; };
		6413881E222A440800A176A7 /* RTCSampleChatViewController.m */ = {isa = PBXFileReference; fileEncoding = 4; lastKnownFileType = sourcecode.c.objc; path = RTCSampleChatViewController.m; sourceTree = "<group>"; };
		6413881F222A440800A176A7 /* RTCSampleUserAuthrization.h */ = {isa = PBXFileReference; fileEncoding = 4; lastKnownFileType = sourcecode.c.h; path = RTCSampleUserAuthrization.h; sourceTree = "<group>"; };
		64138820222A440900A176A7 /* UIViewController+RTCSampleAlert.h */ = {isa = PBXFileReference; fileEncoding = 4; lastKnownFileType = sourcecode.c.h; path = "UIViewController+RTCSampleAlert.h"; sourceTree = "<group>"; };
		64138821222A440900A176A7 /* UIViewController+RTCSampleAlert.m */ = {isa = PBXFileReference; fileEncoding = 4; lastKnownFileType = sourcecode.c.objc; path = "UIViewController+RTCSampleAlert.m"; sourceTree = "<group>"; };
		64138822222A440900A176A7 /* RTCSampleChannelViewController.m */ = {isa = PBXFileReference; fileEncoding = 4; lastKnownFileType = sourcecode.c.objc; path = RTCSampleChannelViewController.m; sourceTree = "<group>"; };
		64138823222A440900A176A7 /* RTCSampleUserAuthrization.m */ = {isa = PBXFileReference; fileEncoding = 4; lastKnownFileType = sourcecode.c.objc; path = RTCSampleUserAuthrization.m; sourceTree = "<group>"; };
		64138824222A440900A176A7 /* RTCSampleChatViewController.h */ = {isa = PBXFileReference; fileEncoding = 4; lastKnownFileType = sourcecode.c.h; path = RTCSampleChatViewController.h; sourceTree = "<group>"; };
		6489C62D225B34A1009BC6B7 /* RTCSampleRemoteUserManager.h */ = {isa = PBXFileReference; fileEncoding = 4; lastKnownFileType = sourcecode.c.h; path = RTCSampleRemoteUserManager.h; sourceTree = "<group>"; };
		6489C62E225B34A1009BC6B7 /* RTCSampleRemoteUserManager.m */ = {isa = PBXFileReference; fileEncoding = 4; lastKnownFileType = sourcecode.c.objc; path = RTCSampleRemoteUserManager.m; sourceTree = "<group>"; };
		64C41729225F325000F68B3F /* RTCSampleRemoteUserModel.h */ = {isa = PBXFileReference; lastKnownFileType = sourcecode.c.h; path = RTCSampleRemoteUserModel.h; sourceTree = "<group>"; };
		64C4172A225F325000F68B3F /* RTCSampleRemoteUserModel.m */ = {isa = PBXFileReference; lastKnownFileType = sourcecode.c.objc; path = RTCSampleRemoteUserModel.m; sourceTree = "<group>"; };
		65428AC166EFEE2944F4966D /* Pods-RtcSample.release.xcconfig */ = {isa = PBXFileReference; includeInIndex = 1; lastKnownFileType = text.xcconfig; name = "Pods-RtcSample.release.xcconfig"; path = "Target Support Files/Pods-RtcSample/Pods-RtcSample.release.xcconfig"; sourceTree = "<group>"; };
		6C7997F92201D3CD004FE646 /* libc++.tbd */ = {isa = PBXFileReference; lastKnownFileType = "sourcecode.text-based-dylib-definition"; name = "libc++.tbd"; path = "usr/lib/libc++.tbd"; sourceTree = SDKROOT; };
		6E47FD1E20E341CC0048A0DA /* AliBaseHttpClient.h */ = {isa = PBXFileReference; fileEncoding = 4; lastKnownFileType = sourcecode.c.h; path = AliBaseHttpClient.h; sourceTree = "<group>"; };
		6E47FD1F20E341CC0048A0DA /* AliRequestList.h */ = {isa = PBXFileReference; fileEncoding = 4; lastKnownFileType = sourcecode.c.h; path = AliRequestList.h; sourceTree = "<group>"; };
		6E47FD2020E341CC0048A0DA /* AliBaseHttpClient.m */ = {isa = PBXFileReference; fileEncoding = 4; lastKnownFileType = sourcecode.c.objc; path = AliBaseHttpClient.m; sourceTree = "<group>"; };
		6E47FD2120E341CC0048A0DA /* AliRequestList.m */ = {isa = PBXFileReference; fileEncoding = 4; lastKnownFileType = sourcecode.c.objc; path = AliRequestList.m; sourceTree = "<group>"; };
		E3C0F8E422E861F10043209C /* Accelerate.framework */ = {isa = PBXFileReference; lastKnownFileType = wrapper.framework; name = Accelerate.framework; path = System/Library/Frameworks/Accelerate.framework; sourceTree = SDKROOT; };
		E3C0F8E622E861FA0043209C /* CoreMotion.framework */ = {isa = PBXFileReference; lastKnownFileType = wrapper.framework; name = CoreMotion.framework; path = System/Library/Frameworks/CoreMotion.framework; sourceTree = SDKROOT; };
/* End PBXFileReference section */

/* Begin PBXFrameworksBuildPhase section */
		0D949645209860C0005FBD53 /* Frameworks */ = {
			isa = PBXFrameworksBuildPhase;
			buildActionMask = 2147483647;
			files = (
				E3C0F8E722E861FA0043209C /* CoreMotion.framework in Frameworks */,
				2DC511AD2A68E3BA006B9536 /* AliRTCSdk.framework in Frameworks */,
				E3C0F8E522E861F10043209C /* Accelerate.framework in Frameworks */,
				6C7997FA2201D3CD004FE646 /* libc++.tbd in Frameworks */,
				0D94968220986A34005FBD53 /* VideoToolbox.framework in Frameworks */,
				0D94968020986A20005FBD53 /* AudioToolbox.framework in Frameworks */,
				0D94967A209869DF005FBD53 /* libresolv.tbd in Frameworks */,
				0D949678209869C1005FBD53 /* libz.tbd in Frameworks */,
				0D949676209869AD005FBD53 /* AVFoundation.framework in Frameworks */,
				0D94967420986996005FBD53 /* CoreMedia.framework in Frameworks */,
				2DF48BE825145D9800575424 /* CoreML.framework in Frameworks */,
				2D9FA6A324FCEA5E00D0FDA7 /* OpenGLES.framework in Frameworks */,
				E3800FBC9BB63A818BD62714 /* libPods-RtcSample.a in Frameworks */,
			);
			runOnlyForDeploymentPostprocessing = 0;
		};
/* End PBXFrameworksBuildPhase section */

/* Begin PBXGroup section */
		0D94963F209860C0005FBD53 = {
			isa = PBXGroup;
			children = (
				2DC511682A68E2E6006B9536 /* AliRTCSdk.framework */,
				2D0A99C0288FE4A100D4D658 /* FaceUnity */,
				2DA7D87A254263820085AC91 /* Util */,
				0D94966720986754005FBD53 /* Http */,
				0D94964A209860C0005FBD53 /* RtcSample */,
				0D949649209860C0005FBD53 /* Products */,
				0D94966120986164005FBD53 /* Frameworks */,
				9FCD4C1CB055A2877C7B5466 /* Pods */,
			);
			sourceTree = "<group>";
		};
		0D949649209860C0005FBD53 /* Products */ = {
			isa = PBXGroup;
			children = (
				0D949648209860C0005FBD53 /* RtcSample.app */,
			);
			name = Products;
			sourceTree = "<group>";
		};
		0D94964A209860C0005FBD53 /* RtcSample */ = {
			isa = PBXGroup;
			children = (
				0D94964B209860C0005FBD53 /* AppDelegate.h */,
				0D94964C209860C0005FBD53 /* AppDelegate.m */,
				0D949654209860C0005FBD53 /* Assets.xcassets */,
				0D949659209860C0005FBD53 /* Info.plist */,
				0D949656209860C0005FBD53 /* LaunchScreen.storyboard */,
				0D94965A209860C0005FBD53 /* main.m */,
				0D949651209860C0005FBD53 /* Main.storyboard */,
				6413881D222A440800A176A7 /* RTCSampleChannelViewController.h */,
				64138822222A440900A176A7 /* RTCSampleChannelViewController.m */,
				64138824222A440900A176A7 /* RTCSampleChatViewController.h */,
				6413881E222A440800A176A7 /* RTCSampleChatViewController.m */,
				6489C62D225B34A1009BC6B7 /* RTCSampleRemoteUserManager.h */,
				6489C62E225B34A1009BC6B7 /* RTCSampleRemoteUserManager.m */,
				64C41729225F325000F68B3F /* RTCSampleRemoteUserModel.h */,
				64C4172A225F325000F68B3F /* RTCSampleRemoteUserModel.m */,
				6413881F222A440800A176A7 /* RTCSampleUserAuthrization.h */,
				64138823222A440900A176A7 /* RTCSampleUserAuthrization.m */,
				64138820222A440900A176A7 /* UIViewController+RTCSampleAlert.h */,
				64138821222A440900A176A7 /* UIViewController+RTCSampleAlert.m */,
			);
			path = RtcSample;
			sourceTree = "<group>";
		};
		0D94966120986164005FBD53 /* Frameworks */ = {
			isa = PBXGroup;
			children = (
				2D9FA6A424FCEA6F00D0FDA7 /* CoreML.framework */,
				2D9FA6A224FCEA5E00D0FDA7 /* OpenGLES.framework */,
				E3C0F8E622E861FA0043209C /* CoreMotion.framework */,
				E3C0F8E422E861F10043209C /* Accelerate.framework */,
				6C7997F92201D3CD004FE646 /* libc++.tbd */,
				0D94968120986A34005FBD53 /* VideoToolbox.framework */,
				0D94967F20986A20005FBD53 /* AudioToolbox.framework */,
				0D94967D20986A11005FBD53 /* CoreAudio.framework */,
				0D94967B209869F9005FBD53 /* AudioUnit.framework */,
				0D949679209869DF005FBD53 /* libresolv.tbd */,
				0D949677209869C1005FBD53 /* libz.tbd */,
				0D949675209869AD005FBD53 /* AVFoundation.framework */,
				0D94967320986996005FBD53 /* CoreMedia.framework */,
				21F9CD815CEF1DC82A1FC310 /* libPods-RtcSample.a */,
			);
			name = Frameworks;
			sourceTree = "<group>";
		};
		0D94966720986754005FBD53 /* Http */ = {
			isa = PBXGroup;
			children = (
				6E47FD1E20E341CC0048A0DA /* AliBaseHttpClient.h */,
				6E47FD2020E341CC0048A0DA /* AliBaseHttpClient.m */,
				6E47FD1F20E341CC0048A0DA /* AliRequestList.h */,
				6E47FD2120E341CC0048A0DA /* AliRequestList.m */,
			);
			name = Http;
			path = RtcSample/Http;
			sourceTree = "<group>";
		};
		2D0A99C0288FE4A100D4D658 /* FaceUnity */ = {
			isa = PBXGroup;
			children = (
				2DCDEE0F29B088880014B419 /* Demo */,
				2D0A9A16288FE4A100D4D658 /* authpack.h */,
			);
			path = FaceUnity;
			sourceTree = "<group>";
		};
		2DA7D87A254263820085AC91 /* Util */ = {
			isa = PBXGroup;
			children = (
				2DA7D87B254263F60085AC91 /* NSString+SHA256.h */,
				2DA7D87C254263F60085AC91 /* NSString+SHA256.m */,
			);
			path = Util;
			sourceTree = "<group>";
		};
		2DC5116A2A68E2FE006B9536 /* Resource */ = {
			isa = PBXGroup;
			children = (
				2DC5116B2A68E2FE006B9536 /* 美颜 */,
				2DC5116F2A68E2FE006B9536 /* FaceUnity.strings */,
				2DC511712A68E2FE006B9536 /* 美妆 */,
				2DC511862A68E2FE006B9536 /* FaceUnity.xcassets */,
				2DC511872A68E2FE006B9536 /* 美体 */,
				2DC511892A68E2FE006B9536 /* 贴纸 */,
			);
			path = Resource;
			sourceTree = "<group>";
		};
		2DC5116B2A68E2FE006B9536 /* 美颜 */ = {
			isa = PBXGroup;
			children = (
				2DC5116C2A68E2FE006B9536 /* beauty_filter.json */,
				2DC5116D2A68E2FE006B9536 /* beauty_shape.json */,
				2DC5116E2A68E2FE006B9536 /* beauty_skin.json */,
			);
			path = "美颜";
			sourceTree = "<group>";
		};
		2DC511712A68E2FE006B9536 /* 美妆 */ = {
			isa = PBXGroup;
			children = (
				2DC511722A68E2FE006B9536 /* oumei.bundle */,
				2DC511732A68E2FE006B9536 /* rose.bundle */,
				2DC511742A68E2FE006B9536 /* linjia.bundle */,
				2DC511752A68E2FE006B9536 /* yanshimao.bundle */,
				2DC511762A68E2FE006B9536 /* tianmei.bundle */,
				2DC511772A68E2FE006B9536 /* ziyun.bundle */,
				2DC511782A68E2FE006B9536 /* chaomo.bundle */,
				2DC511792A68E2FE006B9536 /* hongfeng.bundle */,
				2DC5117A2A68E2FE006B9536 /* jianling.bundle */,
				2DC5117B2A68E2FE006B9536 /* gangfeng.bundle */,
				2DC5117C2A68E2FE006B9536 /* combination_makeups.json */,
				2DC5117D2A68E2FE006B9536 /* chuju.bundle */,
				2DC5117E2A68E2FE006B9536 /* renyu.bundle */,
				2DC5117F2A68E2FE006B9536 /* qianzhihe.bundle */,
				2DC511802A68E2FE006B9536 /* wumei.bundle */,
				2DC511812A68E2FE006B9536 /* shaonv.bundle */,
				2DC511822A68E2FE006B9536 /* chuqiu.bundle */,
				2DC511832A68E2FE006B9536 /* nuandong.bundle */,
				2DC511842A68E2FE006B9536 /* xinggan.bundle */,
			);
			path = "美妆";
			sourceTree = "<group>";
		};
		2DC511872A68E2FE006B9536 /* 美体 */ = {
			isa = PBXGroup;
			children = (
				2DC511882A68E2FE006B9536 /* body.json */,
			);
			path = "美体";
			sourceTree = "<group>";
		};
		2DC511892A68E2FE006B9536 /* 贴纸 */ = {
			isa = PBXGroup;
			children = (
				2DC5118A2A68E2FE006B9536 /* fashi.bundle */,
				2DC5118B2A68E2FE006B9536 /* CatSparks.bundle */,
				2DC5118C2A68E2FE006B9536 /* stickers.json */,
				2DC5118D2A68E2FE006B9536 /* sdlu.bundle */,
				2DC5118E2A68E2FE006B9536 /* sdlr.bundle */,
			);
			path = "贴纸";
			sourceTree = "<group>";
		};
		2DCDEE0F29B088880014B419 /* Demo */ = {
			isa = PBXGroup;
			children = (
				2DC5116A2A68E2FE006B9536 /* Resource */,
				2DCDEE1E29B088880014B419 /* FUDefines.h */,
				2DCDEE4F29B088880014B419 /* FUDemoManager.h */,
				2DCDEE1F29B088880014B419 /* FUDemoManager.m */,
				2DCDEE1D29B088880014B419 /* FUTestRecorder.h */,
				2DCDEE2029B088880014B419 /* FUTestRecorder.m */,
				2DCDEE2129B088880014B419 /* Model */,
				2DCDEE2E29B088880014B419 /* View */,
				2DCDEE1029B088880014B419 /* ViewModel */,
			);
			path = Demo;
			sourceTree = "<group>";
		};
		2DCDEE1029B088880014B419 /* ViewModel */ = {
			isa = PBXGroup;
			children = (
				2DCDEE1129B088880014B419 /* FUBeautyFilterViewModel.m */,
				2DCDEE1229B088880014B419 /* FUBeautySkinViewModel.m */,
				2DCDEE1329B088880014B419 /* FUBodyViewModel.h */,
				2DCDEE1429B088880014B419 /* FUBeautyShapeViewModel.m */,
				2DCDEE1529B088880014B419 /* FUStickerViewModel.h */,
				2DCDEE1629B088880014B419 /* FUMakeupViewModel.h */,
				2DCDEE1729B088880014B419 /* FUBeautyFilterViewModel.h */,
				2DCDEE1829B088880014B419 /* FUBeautySkinViewModel.h */,
				2DCDEE1929B088880014B419 /* FUStickerViewModel.m */,
				2DCDEE1A29B088880014B419 /* FUBeautyShapeViewModel.h */,
				2DCDEE1B29B088880014B419 /* FUBodyViewModel.m */,
				2DCDEE1C29B088880014B419 /* FUMakeupViewModel.m */,
			);
			path = ViewModel;
			sourceTree = "<group>";
		};
		2DCDEE2129B088880014B419 /* Model */ = {
			isa = PBXGroup;
			children = (
				2DCDEE2229B088880014B419 /* FUBeautyShapeModel.m */,
				2DCDEE2329B088880014B419 /* FUBeautyFilterModel.m */,
				2DCDEE2429B088880014B419 /* FUBodyModel.m */,
				2DCDEE2529B088880014B419 /* FUBeautySkinModel.m */,
				2DCDEE2629B088880014B419 /* FUMakeupModel.h */,
				2DCDEE2729B088880014B419 /* FUStickerModel.h */,
				2DCDEE2829B088880014B419 /* FUBeautyShapeModel.h */,
				2DCDEE2929B088880014B419 /* FUBodyModel.h */,
				2DCDEE2A29B088880014B419 /* FUBeautyFilterModel.h */,
				2DCDEE2B29B088880014B419 /* FUBeautySkinModel.h */,
				2DCDEE2C29B088880014B419 /* FUStickerModel.m */,
				2DCDEE2D29B088880014B419 /* FUMakeupModel.m */,
			);
			path = Model;
			sourceTree = "<group>";
		};
		2DCDEE2E29B088880014B419 /* View */ = {
			isa = PBXGroup;
			children = (
				2DCDEE2F29B088880014B419 /* FUBeautyFilterView.h */,
				2DCDEE3029B088880014B419 /* FUMakeupView.h */,
				2DCDEE3129B088880014B419 /* FUStickerView.m */,
				2DCDEE3229B088880014B419 /* FUAlert */,
				2DCDEE3729B088880014B419 /* FUBodyView.h */,
				2DCDEE3829B088880014B419 /* FUBeautyShapeView.h */,
				2DCDEE3929B088880014B419 /* FUBeautySkinView.m */,
				2DCDEE3A29B088880014B419 /* FUSlider */,
				2DCDEE3D29B088880014B419 /* FUInsetsLabel */,
				2DCDEE4029B088880014B419 /* FUBeautyFilterView.m */,
				2DCDEE4129B088880014B419 /* FUStickerView.h */,
				2DCDEE4229B088880014B419 /* FUMakeupView.m */,
				2DCDEE4329B088880014B419 /* FUBeautyShapeView.m */,
				2DCDEE4429B088880014B419 /* FUTipHUD */,
				2DCDEE4729B088880014B419 /* FUBodyView.m */,
				2DCDEE4829B088880014B419 /* FUSegmentBar */,
				2DCDEE4B29B088880014B419 /* FUBeautySkinView.h */,
				2DCDEE4C29B088880014B419 /* FUSquareButton */,
			);
			path = View;
			sourceTree = "<group>";
		};
		2DCDEE3229B088880014B419 /* FUAlert */ = {
			isa = PBXGroup;
			children = (
				2DCDEE3329B088880014B419 /* FUAlertManager.h */,
				2DCDEE3429B088880014B419 /* FUAlertController.h */,
				2DCDEE3529B088880014B419 /* FUAlertManager.m */,
				2DCDEE3629B088880014B419 /* FUAlertController.m */,
			);
			path = FUAlert;
			sourceTree = "<group>";
		};
		2DCDEE3A29B088880014B419 /* FUSlider */ = {
			isa = PBXGroup;
			children = (
				2DCDEE3B29B088880014B419 /* FUSlider.m */,
				2DCDEE3C29B088880014B419 /* FUSlider.h */,
			);
			path = FUSlider;
			sourceTree = "<group>";
		};
		2DCDEE3D29B088880014B419 /* FUInsetsLabel */ = {
			isa = PBXGroup;
			children = (
				2DCDEE3E29B088880014B419 /* FUInsetsLabel.m */,
				2DCDEE3F29B088880014B419 /* FUInsetsLabel.h */,
			);
			path = FUInsetsLabel;
			sourceTree = "<group>";
		};
		2DCDEE4429B088880014B419 /* FUTipHUD */ = {
			isa = PBXGroup;
			children = (
				2DCDEE4529B088880014B419 /* FUTipHUD.h */,
				2DCDEE4629B088880014B419 /* FUTipHUD.m */,
			);
			path = FUTipHUD;
			sourceTree = "<group>";
		};
		2DCDEE4829B088880014B419 /* FUSegmentBar */ = {
			isa = PBXGroup;
			children = (
				2DCDEE4929B088880014B419 /* FUSegmentBar.h */,
				2DCDEE4A29B088880014B419 /* FUSegmentBar.m */,
			);
			path = FUSegmentBar;
			sourceTree = "<group>";
		};
		2DCDEE4C29B088880014B419 /* FUSquareButton */ = {
			isa = PBXGroup;
			children = (
				2DCDEE4D29B088880014B419 /* FUSquareButton.m */,
				2DCDEE4E29B088880014B419 /* FUSquareButton.h */,
			);
			path = FUSquareButton;
			sourceTree = "<group>";
		};
		9FCD4C1CB055A2877C7B5466 /* Pods */ = {
			isa = PBXGroup;
			children = (
				44F7C183515E41D8C3F5F931 /* Pods-RtcSample.debug.xcconfig */,
				65428AC166EFEE2944F4966D /* Pods-RtcSample.release.xcconfig */,
			);
			path = Pods;
			sourceTree = "<group>";
		};
/* End PBXGroup section */

/* Begin PBXNativeTarget section */
		0D949647209860C0005FBD53 /* RtcSample */ = {
			isa = PBXNativeTarget;
			buildConfigurationList = 0D94965E209860C0005FBD53 /* Build configuration list for PBXNativeTarget "RtcSample" */;
			buildPhases = (
				9B00D77AD2A2B6CBF0E909D2 /* [CP] Check Pods Manifest.lock */,
				E39B8169242B3EDF00E837E0 /* unzip */,
				0D949644209860C0005FBD53 /* Sources */,
				0D949645209860C0005FBD53 /* Frameworks */,
				0D949646209860C0005FBD53 /* Resources */,
				6C7998022201D3DC004FE646 /* Embed Frameworks */,
				1906E0F73D5D5AF726B94140 /* [CP] Copy Pods Resources */,
				D8F7D1EAA2DF117DC19E23B9 /* [CP] Embed Pods Frameworks */,
			);
			buildRules = (
			);
			dependencies = (
			);
			name = RtcSample;
			productName = RtcSample;
			productReference = 0D949648209860C0005FBD53 /* RtcSample.app */;
			productType = "com.apple.product-type.application";
		};
/* End PBXNativeTarget section */

/* Begin PBXProject section */
		0D949640209860C0005FBD53 /* Project object */ = {
			isa = PBXProject;
			attributes = {
				LastUpgradeCheck = 0920;
				ORGANIZATIONNAME = tiantian;
				TargetAttributes = {
					0D949647209860C0005FBD53 = {
						CreatedOnToolsVersion = 9.2;
						ProvisioningStyle = Manual;
						SystemCapabilities = {
							com.apple.BackgroundModes = {
								enabled = 1;
							};
						};
					};
				};
			};
			buildConfigurationList = 0D949643209860C0005FBD53 /* Build configuration list for PBXProject "RtcSample" */;
			compatibilityVersion = "Xcode 8.0";
			developmentRegion = en;
			hasScannedForEncodings = 0;
			knownRegions = (
				en,
				Base,
				"zh-Hans",
			);
			mainGroup = 0D94963F209860C0005FBD53;
			productRefGroup = 0D949649209860C0005FBD53 /* Products */;
			projectDirPath = "";
			projectRoot = "";
			targets = (
				0D949647209860C0005FBD53 /* RtcSample */,
			);
		};
/* End PBXProject section */

/* Begin PBXResourcesBuildPhase section */
		0D949646209860C0005FBD53 /* Resources */ = {
			isa = PBXResourcesBuildPhase;
			buildActionMask = 2147483647;
			files = (
				2DC511962A68E2FE006B9536 /* yanshimao.bundle in Resources */,
				2DC511912A68E2FE006B9536 /* beauty_skin.json in Resources */,
				2DC511942A68E2FE006B9536 /* rose.bundle in Resources */,
				2DC5119B2A68E2FE006B9536 /* jianling.bundle in Resources */,
				2DC511A22A68E2FE006B9536 /* shaonv.bundle in Resources */,
				2DC511A62A68E2FE006B9536 /* FaceUnity.xcassets in Resources */,
				2DC5119D2A68E2FE006B9536 /* combination_makeups.json in Resources */,
				2DC511A72A68E2FE006B9536 /* body.json in Resources */,
				2DC511A52A68E2FE006B9536 /* xinggan.bundle in Resources */,
				2DC511A12A68E2FE006B9536 /* wumei.bundle in Resources */,
				2DC511A82A68E2FE006B9536 /* fashi.bundle in Resources */,
				2DC511AB2A68E2FE006B9536 /* sdlu.bundle in Resources */,
				2DC5119C2A68E2FE006B9536 /* gangfeng.bundle in Resources */,
				2DC511952A68E2FE006B9536 /* linjia.bundle in Resources */,
				2DC511992A68E2FE006B9536 /* chaomo.bundle in Resources */,
				2DC511922A68E2FE006B9536 /* FaceUnity.strings in Resources */,
				0D949658209860C0005FBD53 /* LaunchScreen.storyboard in Resources */,
				2DC511932A68E2FE006B9536 /* oumei.bundle in Resources */,
				2DC511A02A68E2FE006B9536 /* qianzhihe.bundle in Resources */,
				2DC5119F2A68E2FE006B9536 /* renyu.bundle in Resources */,
				2DC511982A68E2FE006B9536 /* ziyun.bundle in Resources */,
				2DC511A92A68E2FE006B9536 /* CatSparks.bundle in Resources */,
				2DC5118F2A68E2FE006B9536 /* beauty_filter.json in Resources */,
				2DC5119A2A68E2FE006B9536 /* hongfeng.bundle in Resources */,
				2DC511AA2A68E2FE006B9536 /* stickers.json in Resources */,
				0D949655209860C0005FBD53 /* Assets.xcassets in Resources */,
				2DC5119E2A68E2FE006B9536 /* chuju.bundle in Resources */,
				2DC511A32A68E2FE006B9536 /* chuqiu.bundle in Resources */,
				2DC511972A68E2FE006B9536 /* tianmei.bundle in Resources */,
				2DC511A42A68E2FE006B9536 /* nuandong.bundle in Resources */,
				2DC511902A68E2FE006B9536 /* beauty_shape.json in Resources */,
				0D949653209860C0005FBD53 /* Main.storyboard in Resources */,
				2DC511AC2A68E2FE006B9536 /* sdlr.bundle in Resources */,
			);
			runOnlyForDeploymentPostprocessing = 0;
		};
/* End PBXResourcesBuildPhase section */

/* Begin PBXShellScriptBuildPhase section */
		1906E0F73D5D5AF726B94140 /* [CP] Copy Pods Resources */ = {
			isa = PBXShellScriptBuildPhase;
			buildActionMask = 2147483647;
			files = (
			);
			inputPaths = (
				"${PODS_ROOT}/Target Support Files/Pods-RtcSample/Pods-RtcSample-resources.sh",
				"${PODS_ROOT}/FURenderKit/Resources/graphics/aitype.bundle",
				"${PODS_ROOT}/FURenderKit/Resources/graphics/body_slim.bundle",
				"${PODS_ROOT}/FURenderKit/Resources/graphics/controller_cpp.bundle",
				"${PODS_ROOT}/FURenderKit/Resources/graphics/face_beautification.bundle",
				"${PODS_ROOT}/FURenderKit/Resources/graphics/face_makeup.bundle",
				"${PODS_ROOT}/FURenderKit/Resources/graphics/fuzzytoonfilter.bundle",
				"${PODS_ROOT}/FURenderKit/Resources/graphics/fxaa.bundle",
				"${PODS_ROOT}/FURenderKit/Resources/graphics/tongue.bundle",
				"${PODS_ROOT}/FURenderKit/Resources/model/ai_face_processor.bundle",
				"${PODS_ROOT}/FURenderKit/Resources/model/ai_hand_processor.bundle",
				"${PODS_ROOT}/FURenderKit/Resources/model/ai_human_processor.bundle",
				"${PODS_ROOT}/SVProgressHUD/SVProgressHUD/SVProgressHUD.bundle",
			);
			name = "[CP] Copy Pods Resources";
			outputPaths = (
				"${TARGET_BUILD_DIR}/${UNLOCALIZED_RESOURCES_FOLDER_PATH}/aitype.bundle",
				"${TARGET_BUILD_DIR}/${UNLOCALIZED_RESOURCES_FOLDER_PATH}/body_slim.bundle",
				"${TARGET_BUILD_DIR}/${UNLOCALIZED_RESOURCES_FOLDER_PATH}/controller_cpp.bundle",
				"${TARGET_BUILD_DIR}/${UNLOCALIZED_RESOURCES_FOLDER_PATH}/face_beautification.bundle",
				"${TARGET_BUILD_DIR}/${UNLOCALIZED_RESOURCES_FOLDER_PATH}/face_makeup.bundle",
				"${TARGET_BUILD_DIR}/${UNLOCALIZED_RESOURCES_FOLDER_PATH}/fuzzytoonfilter.bundle",
				"${TARGET_BUILD_DIR}/${UNLOCALIZED_RESOURCES_FOLDER_PATH}/fxaa.bundle",
				"${TARGET_BUILD_DIR}/${UNLOCALIZED_RESOURCES_FOLDER_PATH}/tongue.bundle",
				"${TARGET_BUILD_DIR}/${UNLOCALIZED_RESOURCES_FOLDER_PATH}/ai_face_processor.bundle",
				"${TARGET_BUILD_DIR}/${UNLOCALIZED_RESOURCES_FOLDER_PATH}/ai_hand_processor.bundle",
				"${TARGET_BUILD_DIR}/${UNLOCALIZED_RESOURCES_FOLDER_PATH}/ai_human_processor.bundle",
				"${TARGET_BUILD_DIR}/${UNLOCALIZED_RESOURCES_FOLDER_PATH}/SVProgressHUD.bundle",
			);
			runOnlyForDeploymentPostprocessing = 0;
			shellPath = /bin/sh;
			shellScript = "\"${PODS_ROOT}/Target Support Files/Pods-RtcSample/Pods-RtcSample-resources.sh\"\n";
			showEnvVarsInLog = 0;
		};
		9B00D77AD2A2B6CBF0E909D2 /* [CP] Check Pods Manifest.lock */ = {
			isa = PBXShellScriptBuildPhase;
			buildActionMask = 2147483647;
			files = (
			);
			inputFileListPaths = (
			);
			inputPaths = (
				"${PODS_PODFILE_DIR_PATH}/Podfile.lock",
				"${PODS_ROOT}/Manifest.lock",
			);
			name = "[CP] Check Pods Manifest.lock";
			outputFileListPaths = (
			);
			outputPaths = (
				"$(DERIVED_FILE_DIR)/Pods-RtcSample-checkManifestLockResult.txt",
			);
			runOnlyForDeploymentPostprocessing = 0;
			shellPath = /bin/sh;
			shellScript = "diff \"${PODS_PODFILE_DIR_PATH}/Podfile.lock\" \"${PODS_ROOT}/Manifest.lock\" > /dev/null\nif [ $? != 0 ] ; then\n    # print error to STDERR\n    echo \"error: The sandbox is not in sync with the Podfile.lock. Run 'pod install' or update your CocoaPods installation.\" >&2\n    exit 1\nfi\n# This output is used by Xcode 'outputs' to avoid re-running this script phase.\necho \"SUCCESS\" > \"${SCRIPT_OUTPUT_FILE_0}\"\n";
			showEnvVarsInLog = 0;
		};
		D8F7D1EAA2DF117DC19E23B9 /* [CP] Embed Pods Frameworks */ = {
			isa = PBXShellScriptBuildPhase;
			buildActionMask = 2147483647;
			files = (
			);
			inputPaths = (
				"${PODS_ROOT}/Target Support Files/Pods-RtcSample/Pods-RtcSample-frameworks.sh",
				"${PODS_ROOT}/FURenderKit/FURenderKit.framework",
			);
			name = "[CP] Embed Pods Frameworks";
			outputPaths = (
				"${TARGET_BUILD_DIR}/${FRAMEWORKS_FOLDER_PATH}/FURenderKit.framework",
			);
			runOnlyForDeploymentPostprocessing = 0;
			shellPath = /bin/sh;
			shellScript = "\"${PODS_ROOT}/Target Support Files/Pods-RtcSample/Pods-RtcSample-frameworks.sh\"\n";
			showEnvVarsInLog = 0;
		};
		E39B8169242B3EDF00E837E0 /* unzip */ = {
			isa = PBXShellScriptBuildPhase;
			buildActionMask = 2147483647;
			files = (
			);
			inputFileListPaths = (
			);
			inputPaths = (
			);
			name = unzip;
			outputFileListPaths = (
			);
			outputPaths = (
			);
			runOnlyForDeploymentPostprocessing = 0;
			shellPath = /bin/sh;
			shellScript = "# Type a script or drag a script file from your workspace to insert its path.\n#!/bin/sh/\ncd FaceUnity/FaceUnity-SDK-iOS\nfilename=libnama.a\nzipname=libnama.zip\n\nfilename2=libfuai.a\nzipname2=libfuai.zip\nmdcode=$(md5 $filename)\n\nif [ -f \"$zipname\" ];\nthen\nrm -f $filename\nunzip $zipname\nrm -f $zipname\n\nrm -f $filename2\nunzip $zipname2\nrm -f $zipname2\nfi\n";
		};
/* End PBXShellScriptBuildPhase section */

/* Begin PBXSourcesBuildPhase section */
		0D949644209860C0005FBD53 /* Sources */ = {
			isa = PBXSourcesBuildPhase;
			buildActionMask = 2147483647;
			files = (
				2DCDEE8229B088880014B419 /* FUMakeupModel.m in Sources */,
				64138827222A440900A176A7 /* RTCSampleChannelViewController.m in Sources */,
				2DCDEE7929B088880014B419 /* FUBodyViewModel.m in Sources */,
				6489C62F225B34A1009BC6B7 /* RTCSampleRemoteUserManager.m in Sources */,
				2DCDEE8029B088880014B419 /* FUBeautySkinModel.m in Sources */,
				2DCDEE8629B088880014B419 /* FUBeautySkinView.m in Sources */,
				2DCDEE7E29B088880014B419 /* FUBeautyFilterModel.m in Sources */,
				2DA7D87D254263F60085AC91 /* NSString+SHA256.m in Sources */,
				2DCDEE8E29B088880014B419 /* FUSegmentBar.m in Sources */,
				2DCDEE8F29B088880014B419 /* FUSquareButton.m in Sources */,
				0D94965B209860C0005FBD53 /* main.m in Sources */,
				64138828222A440900A176A7 /* RTCSampleUserAuthrization.m in Sources */,
				64138826222A440900A176A7 /* UIViewController+RTCSampleAlert.m in Sources */,
				2DCDEE8D29B088880014B419 /* FUBodyView.m in Sources */,
				6E47FD2220E341CC0048A0DA /* AliBaseHttpClient.m in Sources */,
				2DCDEE7529B088880014B419 /* FUBeautyFilterViewModel.m in Sources */,
				2DCDEE8829B088880014B419 /* FUInsetsLabel.m in Sources */,
				64C4172B225F325000F68B3F /* RTCSampleRemoteUserModel.m in Sources */,
				2DCDEE8129B088880014B419 /* FUStickerModel.m in Sources */,
				2DCDEE8429B088880014B419 /* FUAlertManager.m in Sources */,
				2DCDEE7629B088880014B419 /* FUBeautySkinViewModel.m in Sources */,
				2DCDEE7C29B088880014B419 /* FUTestRecorder.m in Sources */,
				2DCDEE8529B088880014B419 /* FUAlertController.m in Sources */,
				2DCDEE8729B088880014B419 /* FUSlider.m in Sources */,
				2DCDEE8929B088880014B419 /* FUBeautyFilterView.m in Sources */,
				2DCDEE8A29B088880014B419 /* FUMakeupView.m in Sources */,
				6E47FD2320E341CC0048A0DA /* AliRequestList.m in Sources */,
				2DCDEE8C29B088880014B419 /* FUTipHUD.m in Sources */,
				0D94964D209860C0005FBD53 /* AppDelegate.m in Sources */,
				2DCDEE8B29B088880014B419 /* FUBeautyShapeView.m in Sources */,
				2DCDEE7D29B088880014B419 /* FUBeautyShapeModel.m in Sources */,
				2DCDEE7B29B088880014B419 /* FUDemoManager.m in Sources */,
				2DCDEE7829B088880014B419 /* FUStickerViewModel.m in Sources */,
				64138825222A440900A176A7 /* RTCSampleChatViewController.m in Sources */,
				2DCDEE7A29B088880014B419 /* FUMakeupViewModel.m in Sources */,
				2DCDEE7F29B088880014B419 /* FUBodyModel.m in Sources */,
				2DCDEE7729B088880014B419 /* FUBeautyShapeViewModel.m in Sources */,
				2DCDEE8329B088880014B419 /* FUStickerView.m in Sources */,
			);
			runOnlyForDeploymentPostprocessing = 0;
		};
/* End PBXSourcesBuildPhase section */

/* Begin PBXVariantGroup section */
		0D949651209860C0005FBD53 /* Main.storyboard */ = {
			isa = PBXVariantGroup;
			children = (
				0D949652209860C0005FBD53 /* Base */,
			);
			name = Main.storyboard;
			sourceTree = "<group>";
		};
		0D949656209860C0005FBD53 /* LaunchScreen.storyboard */ = {
			isa = PBXVariantGroup;
			children = (
				0D949657209860C0005FBD53 /* Base */,
			);
			name = LaunchScreen.storyboard;
			sourceTree = "<group>";
		};
		2DC5116F2A68E2FE006B9536 /* FaceUnity.strings */ = {
			isa = PBXVariantGroup;
			children = (
				2DC511702A68E2FE006B9536 /* zh-Hans */,
				2DC511852A68E2FE006B9536 /* en */,
			);
			name = FaceUnity.strings;
			sourceTree = "<group>";
		};
/* End PBXVariantGroup section */

/* Begin XCBuildConfiguration section */
		0D94965C209860C0005FBD53 /* Debug */ = {
			isa = XCBuildConfiguration;
			buildSettings = {
				ALWAYS_SEARCH_USER_PATHS = NO;
				CLANG_ANALYZER_NONNULL = YES;
				CLANG_ANALYZER_NUMBER_OBJECT_CONVERSION = YES_AGGRESSIVE;
				CLANG_CXX_LANGUAGE_STANDARD = "gnu++14";
				CLANG_CXX_LIBRARY = "libc++";
				CLANG_ENABLE_MODULES = YES;
				CLANG_ENABLE_OBJC_ARC = YES;
				CLANG_WARN_BLOCK_CAPTURE_AUTORELEASING = YES;
				CLANG_WARN_BOOL_CONVERSION = YES;
				CLANG_WARN_COMMA = YES;
				CLANG_WARN_CONSTANT_CONVERSION = YES;
				CLANG_WARN_DIRECT_OBJC_ISA_USAGE = YES_ERROR;
				CLANG_WARN_DOCUMENTATION_COMMENTS = YES;
				CLANG_WARN_EMPTY_BODY = YES;
				CLANG_WARN_ENUM_CONVERSION = YES;
				CLANG_WARN_INFINITE_RECURSION = YES;
				CLANG_WARN_INT_CONVERSION = YES;
				CLANG_WARN_NON_LITERAL_NULL_CONVERSION = YES;
				CLANG_WARN_OBJC_LITERAL_CONVERSION = YES;
				CLANG_WARN_OBJC_ROOT_CLASS = YES_ERROR;
				CLANG_WARN_RANGE_LOOP_ANALYSIS = YES;
				CLANG_WARN_STRICT_PROTOTYPES = YES;
				CLANG_WARN_SUSPICIOUS_MOVE = YES;
				CLANG_WARN_UNGUARDED_AVAILABILITY = YES_AGGRESSIVE;
				CLANG_WARN_UNREACHABLE_CODE = YES;
				CLANG_WARN__DUPLICATE_METHOD_MATCH = YES;
				CODE_SIGN_IDENTITY = "iPhone Developer";
				COPY_PHASE_STRIP = NO;
				DEBUG_INFORMATION_FORMAT = dwarf;
				ENABLE_STRICT_OBJC_MSGSEND = YES;
				ENABLE_TESTABILITY = YES;
				GCC_C_LANGUAGE_STANDARD = gnu11;
				GCC_DYNAMIC_NO_PIC = NO;
				GCC_NO_COMMON_BLOCKS = YES;
				GCC_OPTIMIZATION_LEVEL = 0;
				GCC_PREPROCESSOR_DEFINITIONS = (
					"DEBUG=1",
					"$(inherited)",
				);
				GCC_WARN_64_TO_32_BIT_CONVERSION = YES;
				GCC_WARN_ABOUT_RETURN_TYPE = YES_ERROR;
				GCC_WARN_UNDECLARED_SELECTOR = YES;
				GCC_WARN_UNINITIALIZED_AUTOS = YES_AGGRESSIVE;
				GCC_WARN_UNUSED_FUNCTION = YES;
				GCC_WARN_UNUSED_VARIABLE = YES;
				IPHONEOS_DEPLOYMENT_TARGET = 11.2;
				MTL_ENABLE_DEBUG_INFO = YES;
				ONLY_ACTIVE_ARCH = YES;
				SDKROOT = iphoneos;
			};
			name = Debug;
		};
		0D94965D209860C0005FBD53 /* Release */ = {
			isa = XCBuildConfiguration;
			buildSettings = {
				ALWAYS_SEARCH_USER_PATHS = NO;
				CLANG_ANALYZER_NONNULL = YES;
				CLANG_ANALYZER_NUMBER_OBJECT_CONVERSION = YES_AGGRESSIVE;
				CLANG_CXX_LANGUAGE_STANDARD = "gnu++14";
				CLANG_CXX_LIBRARY = "libc++";
				CLANG_ENABLE_MODULES = YES;
				CLANG_ENABLE_OBJC_ARC = YES;
				CLANG_WARN_BLOCK_CAPTURE_AUTORELEASING = YES;
				CLANG_WARN_BOOL_CONVERSION = YES;
				CLANG_WARN_COMMA = YES;
				CLANG_WARN_CONSTANT_CONVERSION = YES;
				CLANG_WARN_DIRECT_OBJC_ISA_USAGE = YES_ERROR;
				CLANG_WARN_DOCUMENTATION_COMMENTS = YES;
				CLANG_WARN_EMPTY_BODY = YES;
				CLANG_WARN_ENUM_CONVERSION = YES;
				CLANG_WARN_INFINITE_RECURSION = YES;
				CLANG_WARN_INT_CONVERSION = YES;
				CLANG_WARN_NON_LITERAL_NULL_CONVERSION = YES;
				CLANG_WARN_OBJC_LITERAL_CONVERSION = YES;
				CLANG_WARN_OBJC_ROOT_CLASS = YES_ERROR;
				CLANG_WARN_RANGE_LOOP_ANALYSIS = YES;
				CLANG_WARN_STRICT_PROTOTYPES = YES;
				CLANG_WARN_SUSPICIOUS_MOVE = YES;
				CLANG_WARN_UNGUARDED_AVAILABILITY = YES_AGGRESSIVE;
				CLANG_WARN_UNREACHABLE_CODE = YES;
				CLANG_WARN__DUPLICATE_METHOD_MATCH = YES;
				CODE_SIGN_IDENTITY = "iPhone Developer";
				COPY_PHASE_STRIP = NO;
				DEBUG_INFORMATION_FORMAT = "dwarf-with-dsym";
				ENABLE_NS_ASSERTIONS = NO;
				ENABLE_STRICT_OBJC_MSGSEND = YES;
				GCC_C_LANGUAGE_STANDARD = gnu11;
				GCC_NO_COMMON_BLOCKS = YES;
				GCC_WARN_64_TO_32_BIT_CONVERSION = YES;
				GCC_WARN_ABOUT_RETURN_TYPE = YES_ERROR;
				GCC_WARN_UNDECLARED_SELECTOR = YES;
				GCC_WARN_UNINITIALIZED_AUTOS = YES_AGGRESSIVE;
				GCC_WARN_UNUSED_FUNCTION = YES;
				GCC_WARN_UNUSED_VARIABLE = YES;
				IPHONEOS_DEPLOYMENT_TARGET = 11.2;
				MTL_ENABLE_DEBUG_INFO = NO;
				SDKROOT = iphoneos;
				VALIDATE_PRODUCT = YES;
			};
			name = Release;
		};
		0D94965F209860C0005FBD53 /* Debug */ = {
			isa = XCBuildConfiguration;
			baseConfigurationReference = 44F7C183515E41D8C3F5F931 /* Pods-RtcSample.debug.xcconfig */;
			buildSettings = {
				ASSETCATALOG_COMPILER_APPICON_NAME = AppIcon;
				CODE_SIGN_IDENTITY = "iPhone Developer";
				CODE_SIGN_STYLE = Manual;
				DEVELOPMENT_TEAM = 35A6KD62ZJ;
				"DEVELOPMENT_TEAM[sdk=iphoneos*]" = 35A6KD62ZJ;
				ENABLE_BITCODE = NO;
				FRAMEWORK_SEARCH_PATHS = (
					"$(inherited)",
					"$(PROJECT_DIR)",
					"$(PROJECT_DIR)/RtcSample/AliRTCSdk",
					"$(PROJECT_DIR)/FaceUnity",
					"\"$(SRCROOT)/RtcSample/AliRTCSdk\"",
					"$(PROJECT_DIR)/FaceUnity/Lib",
				);
				HEADER_SEARCH_PATHS = "$(inherited)";
				INFOPLIST_FILE = RtcSample/Info.plist;
				IPHONEOS_DEPLOYMENT_TARGET = 9.0;
				LD_RUNPATH_SEARCH_PATHS = "$(inherited) @executable_path/Frameworks";
				LIBRARY_SEARCH_PATHS = (
					"$(inherited)",
					"$(PROJECT_DIR)/FaceUnity/FaceUnity-SDK-iOS",
				);
				MARKETING_VERSION = 2.5.7;
				OTHER_LDFLAGS = "$(inherited)";
				PRODUCT_BUNDLE_IDENTIFIER = com.Alibaba.RtcSample;
				PRODUCT_NAME = "$(TARGET_NAME)";
				PROVISIONING_PROFILE = "";
				PROVISIONING_PROFILE_SPECIFIER = FUWildcard;
				"PROVISIONING_PROFILE_SPECIFIER[sdk=iphoneos*]" = FULiveDemo_dev;
				TARGETED_DEVICE_FAMILY = 1;
			};
			name = Debug;
		};
		0D949660209860C0005FBD53 /* Release */ = {
			isa = XCBuildConfiguration;
			baseConfigurationReference = 65428AC166EFEE2944F4966D /* Pods-RtcSample.release.xcconfig */;
			buildSettings = {
				ASSETCATALOG_COMPILER_APPICON_NAME = AppIcon;
				CODE_SIGN_IDENTITY = "iPhone Developer";
				CODE_SIGN_STYLE = Manual;
				DEVELOPMENT_TEAM = 35A6KD62ZJ;
				"DEVELOPMENT_TEAM[sdk=iphoneos*]" = 35A6KD62ZJ;
				ENABLE_BITCODE = NO;
				FRAMEWORK_SEARCH_PATHS = (
					"$(inherited)",
					"$(PROJECT_DIR)",
					"$(PROJECT_DIR)/RtcSample/AliRTCSdk",
					"$(PROJECT_DIR)/FaceUnity",
					"\"$(SRCROOT)/RtcSample/AliRTCSdk\"",
					"$(PROJECT_DIR)/FaceUnity/Lib",
				);
				HEADER_SEARCH_PATHS = "$(inherited)";
				INFOPLIST_FILE = RtcSample/Info.plist;
				IPHONEOS_DEPLOYMENT_TARGET = 9.0;
				LD_RUNPATH_SEARCH_PATHS = "$(inherited) @executable_path/Frameworks";
				LIBRARY_SEARCH_PATHS = (
					"$(inherited)",
					"$(PROJECT_DIR)/FaceUnity/FaceUnity-SDK-iOS",
				);
				MARKETING_VERSION = 2.5.7;
				OTHER_LDFLAGS = "$(inherited)";
				PRODUCT_BUNDLE_IDENTIFIER = com.Alibaba.RtcSample;
				PRODUCT_NAME = "$(TARGET_NAME)";
				PROVISIONING_PROFILE = "";
				PROVISIONING_PROFILE_SPECIFIER = FUWildcard;
				"PROVISIONING_PROFILE_SPECIFIER[sdk=iphoneos*]" = FULiveDemo_dev;
				TARGETED_DEVICE_FAMILY = 1;
			};
			name = Release;
		};
/* End XCBuildConfiguration section */

/* Begin XCConfigurationList section */
		0D949643209860C0005FBD53 /* Build configuration list for PBXProject "RtcSample" */ = {
			isa = XCConfigurationList;
			buildConfigurations = (
				0D94965C209860C0005FBD53 /* Debug */,
				0D94965D209860C0005FBD53 /* Release */,
			);
			defaultConfigurationIsVisible = 0;
			defaultConfigurationName = Release;
		};
		0D94965E209860C0005FBD53 /* Build configuration list for PBXNativeTarget "RtcSample" */ = {
			isa = XCConfigurationList;
			buildConfigurations = (
				0D94965F209860C0005FBD53 /* Debug */,
				0D949660209860C0005FBD53 /* Release */,
			);
			defaultConfigurationIsVisible = 0;
			defaultConfigurationName = Release;
		};
/* End XCConfigurationList section */
	};
	rootObject = 0D949640209860C0005FBD53 /* Project object */;
}
